{
  "nodes": {
    "home-manager": {
      "inputs": {
        "nixpkgs": [
          "nixpkgs"
        ],
        "utils": "utils"
      },
      "locked": {
        "lastModified": 1678662458,
        "narHash": "sha256-BW+C3Pln6LVrGMVEN2Py0cY+a+VEEddhW86cNj8GB3E=",
        "owner": "nix-community",
        "repo": "home-manager",
        "rev": "46f637bd801b4d6d2afa06e13b6776e9fbfb0a79",
        "type": "github"
      },
      "original": {
        "owner": "nix-community",
        "repo": "home-manager",
        "type": "github"
      }
    },
    "nixpkgs": {
      "locked": {
        "lastModified": 1678614274,
        "narHash": "sha256-kK9l45n9cQ4mEQeT4NvJ+pK2nwsHhfZGUyRgzI+XFOw=",
        "owner": "nixos",
        "repo": "nixpkgs",
        "rev": "970402e6147c49603f4d06defe44d27fe51884ce",
        "type": "github"
      },
      "original": {
        "owner": "nixos",
        "ref": "nixos-22.11",
        "repo": "nixpkgs",
        "type": "github"
      }
    },
    "nthorne-tmux": {
      "flake": false,
      "locked": {
        "lastModified": 1640157565,
        "narHash": "sha256-87Ooe9qB/07GbhtxJppfSzqbawDtjTcvEtZxmaajpZc=",
        "owner": "nthorne",
        "repo": "nthorne-tmux-environment",
        "rev": "059ce12b493ffa35ccb0dc2b430913a1c2cbaa9f",
        "type": "github"
      },
      "original": {
        "owner": "nthorne",
        "repo": "nthorne-tmux-environment",
        "type": "github"
      }
    },
    "nthorne-xmonad": {
      "flake": false,
      "locked": {
        "lastModified": 1655118865,
        "narHash": "sha256-lvd6Ye46xLnUzmxZdpJFet0NBwrpz+31ojs+UPjqIOY=",
        "owner": "nthorne",
        "repo": "nthorne-xmonad-environment",
        "rev": "6208beb1acb79932f8680398d0a28f5ff1d4ac0d",
        "type": "github"
      },
      "original": {
        "owner": "nthorne",
        "repo": "nthorne-xmonad-environment",
        "type": "github"
      }
    },
    "nthorne-zsh": {
      "flake": false,
      "locked": {
        "lastModified": 1677241022,
        "narHash": "sha256-DkSQMHWP3ZndkrjOTH1HB6ppVkdKlUxv0gOpWvvHG68=",
        "owner": "nthorne",
        "repo": "nthorne-zsh-environment",
        "rev": "89a1b59cd51ab0f4f7fff38e8092058d790811c4",
        "type": "github"
      },
      "original": {
        "owner": "nthorne",
        "repo": "nthorne-zsh-environment",
        "type": "github"
      }
    },
    "root": {
      "inputs": {
        "home-manager": "home-manager",
        "nixpkgs": "nixpkgs",
        "nthorne-tmux": "nthorne-tmux",
        "nthorne-xmonad": "nthorne-xmonad",
        "nthorne-zsh": "nthorne-zsh",
        "unstable": "unstable"
      }
    },
    "unstable": {
      "locked": {
        "lastModified": 1678631509,
        "narHash": "sha256-+eyd+CJUAZbk0KqqhyJtai+BmiM2/K54xE91fI2eGD0=",
        "owner": "nixos",
        "repo": "nixpkgs",
        "rev": "b38db2c901b30a37d345751f4f6418d416e7e46e",
        "type": "github"
      },
      "original": {
        "owner": "nixos",
        "ref": "nixpkgs-unstable",
        "repo": "nixpkgs",
        "type": "github"
      }
    },
    "utils": {
      "locked": {
        "lastModified": 1676283394,
        "narHash": "sha256-XX2f9c3iySLCw54rJ/CZs+ZK6IQy7GXNY4nSOyu2QG4=",
        "owner": "numtide",
        "repo": "flake-utils",
        "rev": "3db36a8b464d0c4532ba1c7dda728f4576d6d073",
        "type": "github"
      },
      "original": {
        "owner": "numtide",
        "repo": "flake-utils",
        "type": "github"
      }
    }
  },
  "root": "root",
  "version": 7
}
