{
  "nodes": {
    "home-manager": {
      "inputs": {
        "nixpkgs": [
          "nixpkgs"
        ],
        "utils": "utils"
      },
      "locked": {
        "lastModified": 1681092193,
        "narHash": "sha256-JerCqqOqbT2tBnXQW4EqwFl0hHnuZp21rIQ6lu/N4rI=",
        "owner": "nix-community",
        "repo": "home-manager",
        "rev": "f9edbedaf015013eb35f8caacbe0c9666bbc16af",
        "type": "github"
      },
      "original": {
        "owner": "nix-community",
        "ref": "release-22.11",
        "repo": "home-manager",
        "type": "github"
      }
    },
    "nixpkgs": {
      "locked": {
        "lastModified": 1685883127,
        "narHash": "sha256-zPDaPNrAtBnO24rNqjHLINHsqTdRbgWy1c/TL3EdwlM=",
        "owner": "nixos",
        "repo": "nixpkgs",
        "rev": "d4a9ff82fc18723219b60c66fb2ccb0734c460eb",
        "type": "github"
      },
      "original": {
        "owner": "nixos",
        "ref": "nixos-22.11",
        "repo": "nixpkgs",
        "type": "github"
      }
    },
    "nthorne-tmux": {
      "flake": false,
      "locked": {
        "lastModified": 1678775911,
        "narHash": "sha256-9bf5j4V1VuX7lZzPRNC6QFX0DzfgFC+0Fbi1a7ynj44=",
        "owner": "nthorne",
        "repo": "nthorne-tmux-environment",
        "rev": "5dc4b2a9215467f438b83df91ba2d3ffbba55e39",
        "type": "github"
      },
      "original": {
        "owner": "nthorne",
        "repo": "nthorne-tmux-environment",
        "type": "github"
      }
    },
    "nthorne-xmonad": {
      "flake": false,
      "locked": {
        "lastModified": 1655118865,
        "narHash": "sha256-lvd6Ye46xLnUzmxZdpJFet0NBwrpz+31ojs+UPjqIOY=",
        "owner": "nthorne",
        "repo": "nthorne-xmonad-environment",
        "rev": "6208beb1acb79932f8680398d0a28f5ff1d4ac0d",
        "type": "github"
      },
      "original": {
        "owner": "nthorne",
        "repo": "nthorne-xmonad-environment",
        "type": "github"
      }
    },
    "nthorne-zsh": {
      "flake": false,
      "locked": {
        "lastModified": 1685345717,
        "narHash": "sha256-Ma5wGy+NYE12YNhVIyaey6yQ1g72qv4QY110gxIwe/A=",
        "owner": "nthorne",
        "repo": "nthorne-zsh-environment",
        "rev": "239e3209a1ab3dd8a64218900d16b92ec5753c33",
        "type": "github"
      },
      "original": {
        "owner": "nthorne",
        "repo": "nthorne-zsh-environment",
        "type": "github"
      }
    },
    "root": {
      "inputs": {
        "home-manager": "home-manager",
        "nixpkgs": "nixpkgs",
        "nthorne-tmux": "nthorne-tmux",
        "nthorne-xmonad": "nthorne-xmonad",
        "nthorne-zsh": "nthorne-zsh",
        "unstable": "unstable"
      }
    },
    "unstable": {
      "locked": {
        "lastModified": 1686025136,
        "narHash": "sha256-yd/Lr6RjjeyF7PpA+TpFT4E5LZeDyiMLVJUXIWxB4Rs=",
        "owner": "nixos",
        "repo": "nixpkgs",
        "rev": "22467e240f390f029d6c745ce031f0ffbdc40916",
        "type": "github"
      },
      "original": {
        "owner": "nixos",
        "ref": "nixpkgs-unstable",
        "repo": "nixpkgs",
        "type": "github"
      }
    },
    "utils": {
      "locked": {
        "lastModified": 1667395993,
        "narHash": "sha256-nuEHfE/LcWyuSWnS8t12N1wc105Qtau+/OdUAjtQ0rA=",
        "owner": "numtide",
        "repo": "flake-utils",
        "rev": "5aed5285a952e0b949eb3ba02c12fa4fcfef535f",
        "type": "github"
      },
      "original": {
        "owner": "numtide",
        "repo": "flake-utils",
        "type": "github"
      }
    }
  },
  "root": "root",
  "version": 7
}
