{
  "nodes": {
    "base16": {
      "inputs": {
        "fromYaml": "fromYaml"
      },
      "locked": {
        "lastModified": 1732200724,
        "narHash": "sha256-+R1BH5wHhfnycySb7Sy5KbYEaTJZWm1h+LW1OtyhiTs=",
        "owner": "SenchoPens",
        "repo": "base16.nix",
        "rev": "153d52373b0fb2d343592871009a286ec8837aec",
        "type": "github"
      },
      "original": {
        "owner": "SenchoPens",
        "repo": "base16.nix",
        "type": "github"
      }
    },
    "base16-fish": {
      "flake": false,
      "locked": {
        "lastModified": 1622559957,
        "narHash": "sha256-PebymhVYbL8trDVVXxCvZgc0S5VxI7I1Hv4RMSquTpA=",
        "owner": "tomyun",
        "repo": "base16-fish",
        "rev": "2f6dd973a9075dabccd26f1cded09508180bf5fe",
        "type": "github"
      },
      "original": {
        "owner": "tomyun",
        "repo": "base16-fish",
        "type": "github"
      }
    },
    "base16-helix": {
      "flake": false,
      "locked": {
        "lastModified": 1736852337,
        "narHash": "sha256-esD42YdgLlEh7koBrSqcT7p2fsMctPAcGl/+2sYJa2o=",
        "owner": "tinted-theming",
        "repo": "base16-helix",
        "rev": "03860521c40b0b9c04818f2218d9cc9efc21e7a5",
        "type": "github"
      },
      "original": {
        "owner": "tinted-theming",
        "repo": "base16-helix",
        "type": "github"
      }
    },
    "base16-vim": {
      "flake": false,
      "locked": {
        "lastModified": 1732806396,
        "narHash": "sha256-e0bpPySdJf0F68Ndanwm+KWHgQiZ0s7liLhvJSWDNsA=",
        "owner": "tinted-theming",
        "repo": "base16-vim",
        "rev": "577fe8125d74ff456cf942c733a85d769afe58b7",
        "type": "github"
      },
      "original": {
        "owner": "tinted-theming",
        "repo": "base16-vim",
        "rev": "577fe8125d74ff456cf942c733a85d769afe58b7",
        "type": "github"
      }
    },
    "firefox-gnome-theme": {
      "flake": false,
      "locked": {
        "lastModified": 1741628778,
        "narHash": "sha256-RsvHGNTmO2e/eVfgYK7g+eYEdwwh7SbZa+gZkT24MEA=",
        "owner": "rafaelmardojai",
        "repo": "firefox-gnome-theme",
        "rev": "5a81d390bb64afd4e81221749ec4bffcbeb5fa80",
        "type": "github"
      },
      "original": {
        "owner": "rafaelmardojai",
        "repo": "firefox-gnome-theme",
        "type": "github"
      }
    },
    "flake-compat": {
      "flake": false,
      "locked": {
        "lastModified": 1733328505,
        "narHash": "sha256-NeCCThCEP3eCl2l/+27kNNK7QrwZB1IJCrXfrbv5oqU=",
        "owner": "edolstra",
        "repo": "flake-compat",
        "rev": "ff81ac966bb2cae68946d5ed5fc4994f96d0ffec",
        "type": "github"
      },
      "original": {
        "owner": "edolstra",
        "repo": "flake-compat",
        "type": "github"
      }
    },
    "flake-parts": {
      "inputs": {
        "nixpkgs-lib": [
          "nixvim",
          "nixpkgs"
        ]
      },
      "locked": {
        "lastModified": 1741352980,
        "narHash": "sha256-+u2UunDA4Cl5Fci3m7S643HzKmIDAe+fiXrLqYsR2fs=",
        "owner": "hercules-ci",
        "repo": "flake-parts",
        "rev": "f4330d22f1c5d2ba72d3d22df5597d123fdb60a9",
        "type": "github"
      },
      "original": {
        "owner": "hercules-ci",
        "repo": "flake-parts",
        "type": "github"
      }
    },
    "flake-utils": {
      "inputs": {
        "systems": "systems"
      },
      "locked": {
        "lastModified": 1731533236,
        "narHash": "sha256-l0KFg5HjrsfsO/JpG+r7fRrqm12kzFHyUHqHCVpMMbI=",
        "owner": "numtide",
        "repo": "flake-utils",
        "rev": "11707dc2f618dd54ca8739b309ec4fc024de578b",
        "type": "github"
      },
      "original": {
        "owner": "numtide",
        "repo": "flake-utils",
        "type": "github"
      }
    },
    "flake-utils_2": {
      "inputs": {
        "systems": [
          "stylix",
          "systems"
        ]
      },
      "locked": {
        "lastModified": 1731533236,
        "narHash": "sha256-l0KFg5HjrsfsO/JpG+r7fRrqm12kzFHyUHqHCVpMMbI=",
        "owner": "numtide",
        "repo": "flake-utils",
        "rev": "11707dc2f618dd54ca8739b309ec4fc024de578b",
        "type": "github"
      },
      "original": {
        "owner": "numtide",
        "repo": "flake-utils",
        "type": "github"
      }
    },
    "fromYaml": {
      "flake": false,
      "locked": {
        "lastModified": 1731966426,
        "narHash": "sha256-lq95WydhbUTWig/JpqiB7oViTcHFP8Lv41IGtayokA8=",
        "owner": "SenchoPens",
        "repo": "fromYaml",
        "rev": "106af9e2f715e2d828df706c386a685698f3223b",
        "type": "github"
      },
      "original": {
        "owner": "SenchoPens",
        "repo": "fromYaml",
        "type": "github"
      }
    },
    "git-hooks": {
      "inputs": {
        "flake-compat": [
          "stylix",
          "flake-compat"
        ],
        "gitignore": "gitignore",
        "nixpkgs": [
          "stylix",
          "nixpkgs"
        ]
      },
      "locked": {
        "lastModified": 1741379162,
        "narHash": "sha256-srpAbmJapkaqGRE3ytf3bj4XshspVR5964OX5LfjDWc=",
        "owner": "cachix",
        "repo": "git-hooks.nix",
        "rev": "b5a62751225b2f62ff3147d0a334055ebadcd5cc",
        "type": "github"
      },
      "original": {
        "owner": "cachix",
        "repo": "git-hooks.nix",
        "type": "github"
      }
    },
    "gitignore": {
      "inputs": {
        "nixpkgs": [
          "stylix",
          "git-hooks",
          "nixpkgs"
        ]
      },
      "locked": {
        "lastModified": 1709087332,
        "narHash": "sha256-HG2cCnktfHsKV0s4XW83gU3F57gaTljL9KNSuG6bnQs=",
        "owner": "hercules-ci",
        "repo": "gitignore.nix",
        "rev": "637db329424fd7e46cf4185293b9cc8c88c95394",
        "type": "github"
      },
      "original": {
        "owner": "hercules-ci",
        "repo": "gitignore.nix",
        "type": "github"
      }
    },
    "gnome-shell": {
      "flake": false,
      "locked": {
        "lastModified": 1732369855,
        "narHash": "sha256-JhUWbcYPjHO3Xs3x9/Z9RuqXbcp5yhPluGjwsdE2GMg=",
        "owner": "GNOME",
        "repo": "gnome-shell",
        "rev": "dadd58f630eeea41d645ee225a63f719390829dc",
        "type": "github"
      },
      "original": {
        "owner": "GNOME",
        "ref": "47.2",
        "repo": "gnome-shell",
        "type": "github"
      }
    },
    "home-manager": {
      "inputs": {
        "nixpkgs": [
          "nixpkgs"
        ]
      },
      "locked": {
        "lastModified": 1743998782,
        "narHash": "sha256-gckmtwW/H0jEM1Y8G3wBLfr2nJvwBdjuqnjKNV0lcQY=",
        "owner": "nix-community",
        "repo": "home-manager",
        "rev": "c15ab0ce0dbe64843358a3081b09ed35144dfd65",
        "type": "github"
      },
      "original": {
        "owner": "nix-community",
        "repo": "home-manager",
        "type": "github"
      }
    },
    "home-manager_2": {
      "inputs": {
        "nixpkgs": [
          "stylix",
          "nixpkgs"
        ]
      },
      "locked": {
        "lastModified": 1739757849,
        "narHash": "sha256-Gs076ot1YuAAsYVcyidLKUMIc4ooOaRGO0PqTY7sBzA=",
        "owner": "nix-community",
        "repo": "home-manager",
        "rev": "9d3d080aec2a35e05a15cedd281c2384767c2cfe",
        "type": "github"
      },
      "original": {
        "owner": "nix-community",
        "ref": "release-24.11",
        "repo": "home-manager",
        "type": "github"
      }
    },
    "ixx": {
      "inputs": {
        "flake-utils": [
          "nixvim",
          "nuschtosSearch",
          "flake-utils"
        ],
        "nixpkgs": [
          "nixvim",
          "nuschtosSearch",
          "nixpkgs"
        ]
      },
      "locked": {
        "lastModified": 1729958008,
        "narHash": "sha256-EiOq8jF4Z/zQe0QYVc3+qSKxRK//CFHMB84aYrYGwEs=",
        "owner": "NuschtOS",
        "repo": "ixx",
        "rev": "9fd01aad037f345350eab2cd45e1946cc66da4eb",
        "type": "github"
      },
      "original": {
        "owner": "NuschtOS",
        "ref": "v0.0.6",
        "repo": "ixx",
        "type": "github"
      }
    },
    "nix-secrets": {
      "locked": {
        "allRefs": false,
        "lastModified": 1743147030,
        "narHash": "sha256-3iHPXv16bsrh7L08EwN7R+s0niYDtRYaLNsn17qdu1I=",
        "ref": "main",
        "rev": "bf3dd8673e0c58c3862db1cfe6d4a2b94dc40390",
        "revCount": 2,
        "type": "git",
        "url": "ssh://git@github.com/nthorne/nix-secrets.git"
      },
      "original": {
        "allRefs": false,
        "ref": "main",
        "type": "git",
        "url": "ssh://git@github.com/nthorne/nix-secrets.git"
      }
    },
    "nixpkgs": {
      "locked": {
        "lastModified": 1743827369,
        "narHash": "sha256-rpqepOZ8Eo1zg+KJeWoq1HAOgoMCDloqv5r2EAa9TSA=",
        "owner": "nixos",
        "repo": "nixpkgs",
        "rev": "42a1c966be226125b48c384171c44c651c236c22",
        "type": "github"
      },
      "original": {
        "owner": "nixos",
        "ref": "nixos-unstable",
        "repo": "nixpkgs",
        "type": "github"
      }
    },
    "nixpkgs_2": {
      "locked": {
        "lastModified": 1743814133,
        "narHash": "sha256-drDyYyUmjeYGiHmwB9eOPTQRjmrq3Yz26knwmMPLZFk=",
        "owner": "NixOS",
        "repo": "nixpkgs",
        "rev": "250b695f41e0e2f5afbf15c6b12480de1fe0001b",
        "type": "github"
      },
      "original": {
        "owner": "NixOS",
        "ref": "nixpkgs-unstable",
        "repo": "nixpkgs",
        "type": "github"
      }
    },
    "nixpkgs_3": {
      "locked": {
        "lastModified": 1743076231,
        "narHash": "sha256-yQugdVfi316qUfqzN8JMaA2vixl+45GxNm4oUfXlbgw=",
        "owner": "NixOS",
        "repo": "nixpkgs",
        "rev": "6c5963357f3c1c840201eda129a99d455074db04",
        "type": "github"
      },
      "original": {
        "owner": "NixOS",
        "ref": "nixpkgs-unstable",
        "repo": "nixpkgs",
        "type": "github"
      }
    },
    "nixpkgs_4": {
      "locked": {
        "lastModified": 1741600792,
        "narHash": "sha256-yfDy6chHcM7pXpMF4wycuuV+ILSTG486Z/vLx/Bdi6Y=",
        "owner": "NixOS",
        "repo": "nixpkgs",
        "rev": "ebe2788eafd539477f83775ef93c3c7e244421d3",
        "type": "github"
      },
      "original": {
        "owner": "NixOS",
        "ref": "nixos-24.11",
        "repo": "nixpkgs",
        "type": "github"
      }
    },
    "nixvim": {
      "inputs": {
        "flake-parts": "flake-parts",
        "nixpkgs": "nixpkgs_2",
        "nuschtosSearch": "nuschtosSearch"
      },
      "locked": {
        "lastModified": 1743964204,
        "narHash": "sha256-DFktXTeZWVM4kEET+GQHhI0XlrUG0HUAi+hZ7C/MEp0=",
        "owner": "nix-community",
        "repo": "nixvim",
        "rev": "99a2f96cf0f54034201b40d878aa9bb21b72cdf2",
        "type": "github"
      },
      "original": {
        "owner": "nix-community",
        "repo": "nixvim",
        "type": "github"
      }
    },
    "nthorne-zsh": {
      "flake": false,
      "locked": {
        "lastModified": 1732518569,
        "narHash": "sha256-2YU9wqq/UZDS1pYgp3hQOEld7CKYGlvC3NV6tR3LBDw=",
        "owner": "nthorne",
        "repo": "nthorne-zsh-environment",
        "rev": "b3443f6c6e49be12436bfd92f9e5a4ccca3dce53",
        "type": "github"
      },
      "original": {
        "owner": "nthorne",
        "repo": "nthorne-zsh-environment",
        "type": "github"
      }
    },
    "nuschtosSearch": {
      "inputs": {
        "flake-utils": "flake-utils",
        "ixx": "ixx",
        "nixpkgs": [
          "nixvim",
          "nixpkgs"
        ]
      },
      "locked": {
        "lastModified": 1743201766,
        "narHash": "sha256-bb/dqoIjtIWtJRzASOe8g4m8W2jUIWtuoGPXdNjM/Tk=",
        "owner": "NuschtOS",
        "repo": "search",
        "rev": "2651dbfad93d6ef66c440cbbf23238938b187bde",
        "type": "github"
      },
      "original": {
        "owner": "NuschtOS",
        "repo": "search",
        "type": "github"
      }
    },
    "root": {
      "inputs": {
        "home-manager": "home-manager",
        "nix-secrets": "nix-secrets",
        "nixpkgs": "nixpkgs",
        "nixvim": "nixvim",
        "nthorne-zsh": "nthorne-zsh",
        "sops-nix": "sops-nix",
        "stylix": "stylix"
      }
    },
    "sops-nix": {
      "inputs": {
        "nixpkgs": "nixpkgs_3"
      },
      "locked": {
        "lastModified": 1743305778,
        "narHash": "sha256-Ux/UohNtnM5mn9SFjaHp6IZe2aAnUCzklMluNtV6zFo=",
        "owner": "Mic92",
        "repo": "sops-nix",
        "rev": "8e873886bbfc32163fe027b8676c75637b7da114",
        "type": "github"
      },
      "original": {
        "owner": "Mic92",
        "repo": "sops-nix",
        "type": "github"
      }
    },
    "stylix": {
      "inputs": {
        "base16": "base16",
        "base16-fish": "base16-fish",
        "base16-helix": "base16-helix",
        "base16-vim": "base16-vim",
        "firefox-gnome-theme": "firefox-gnome-theme",
        "flake-compat": "flake-compat",
        "flake-utils": "flake-utils_2",
        "git-hooks": "git-hooks",
        "gnome-shell": "gnome-shell",
        "home-manager": "home-manager_2",
        "nixpkgs": "nixpkgs_4",
        "systems": "systems_2",
        "tinted-foot": "tinted-foot",
        "tinted-kitty": "tinted-kitty",
        "tinted-tmux": "tinted-tmux"
      },
      "locked": {
        "lastModified": 1741961698,
        "narHash": "sha256-utsgC6H3ja6sLAXMd8//I2D7yjyScFqVDRX0wpbqPZo=",
        "owner": "danth",
        "repo": "stylix",
        "rev": "9bfc74f330ead111e8ea354b2220a431b0cfaa26",
        "type": "github"
      },
      "original": {
        "owner": "danth",
        "ref": "release-24.11",
        "repo": "stylix",
        "type": "github"
      }
    },
    "systems": {
      "locked": {
        "lastModified": 1681028828,
        "narHash": "sha256-Vy1rq5AaRuLzOxct8nz4T6wlgyUR7zLU309k9mBC768=",
        "owner": "nix-systems",
        "repo": "default",
        "rev": "da67096a3b9bf56a91d16901293e51ba5b49a27e",
        "type": "github"
      },
      "original": {
        "owner": "nix-systems",
        "repo": "default",
        "type": "github"
      }
    },
    "systems_2": {
      "locked": {
        "lastModified": 1681028828,
        "narHash": "sha256-Vy1rq5AaRuLzOxct8nz4T6wlgyUR7zLU309k9mBC768=",
        "owner": "nix-systems",
        "repo": "default",
        "rev": "da67096a3b9bf56a91d16901293e51ba5b49a27e",
        "type": "github"
      },
      "original": {
        "owner": "nix-systems",
        "repo": "default",
        "type": "github"
      }
    },
    "tinted-foot": {
      "flake": false,
      "locked": {
        "lastModified": 1726913040,
        "narHash": "sha256-+eDZPkw7efMNUf3/Pv0EmsidqdwNJ1TaOum6k7lngDQ=",
        "owner": "tinted-theming",
        "repo": "tinted-foot",
        "rev": "fd1b924b6c45c3e4465e8a849e67ea82933fcbe4",
        "type": "github"
      },
      "original": {
        "owner": "tinted-theming",
        "repo": "tinted-foot",
        "rev": "fd1b924b6c45c3e4465e8a849e67ea82933fcbe4",
        "type": "github"
      }
    },
    "tinted-kitty": {
      "flake": false,
      "locked": {
        "lastModified": 1716423189,
        "narHash": "sha256-2xF3sH7UIwegn+2gKzMpFi3pk5DlIlM18+vj17Uf82U=",
        "owner": "tinted-theming",
        "repo": "tinted-kitty",
        "rev": "eb39e141db14baef052893285df9f266df041ff8",
        "type": "github"
      },
      "original": {
        "owner": "tinted-theming",
        "repo": "tinted-kitty",
        "rev": "eb39e141db14baef052893285df9f266df041ff8",
        "type": "github"
      }
    },
    "tinted-tmux": {
      "flake": false,
      "locked": {
        "lastModified": 1740877430,
        "narHash": "sha256-zWcCXgdC4/owfH/eEXx26y5BLzTrefjtSLFHWVD5KxU=",
        "owner": "tinted-theming",
        "repo": "tinted-tmux",
        "rev": "d48ee86394cbe45b112ba23ab63e33656090edb4",
        "type": "github"
      },
      "original": {
        "owner": "tinted-theming",
        "repo": "tinted-tmux",
        "type": "github"
      }
    }
  },
  "root": "root",
  "version": 7
}
